// !$*UTF8*$!
{
	archiveVersion = 1;
	classes = {
	};
	objectVersion = 50;
	objects = {

/* Begin PBXBuildFile section */
		BD8B0D3524AFF56C00E8B1EC /* UITests.swift in Sources */ = {isa = PBXBuildFile; fileRef = BD8B0D3424AFF56C00E8B1EC /* UITests.swift */; };
		BD8B0D4324AFF57600E8B1EC /* Tests.swift in Sources */ = {isa = PBXBuildFile; fileRef = BD8B0D4224AFF57600E8B1EC /* Tests.swift */; };
		BD9A7DCE21FE0DC9004AF281 /* AppDelegate.swift in Sources */ = {isa = PBXBuildFile; fileRef = BD9A7DCD21FE0DC9004AF281 /* AppDelegate.swift */; };
		BD9A7DD021FE0DC9004AF281 /* ViewController.swift in Sources */ = {isa = PBXBuildFile; fileRef = BD9A7DCF21FE0DC9004AF281 /* ViewController.swift */; };
		BD9A7DD521FE0DCA004AF281 /* Assets.xcassets in Resources */ = {isa = PBXBuildFile; fileRef = BD9A7DD421FE0DCA004AF281 /* Assets.xcassets */; };
		BD9A7DD821FE0DCA004AF281 /* LaunchScreen.storyboard in Resources */ = {isa = PBXBuildFile; fileRef = BD9A7DD621FE0DCA004AF281 /* LaunchScreen.storyboard */; };
		BD9A7DF221FE1652004AF281 /* LocalizedString.swift in Sources */ = {isa = PBXBuildFile; fileRef = BD9A7DF121FE1652004AF281 /* LocalizedString.swift */; };
		BD9A7DF421FE16EE004AF281 /* Localizable.strings in Resources */ = {isa = PBXBuildFile; fileRef = BD9A7DF321FE16EE004AF281 /* Localizable.strings */; };
/* End PBXBuildFile section */

/* Begin PBXContainerItemProxy section */
		BD8B0D3724AFF56C00E8B1EC /* PBXContainerItemProxy */ = {
			isa = PBXContainerItemProxy;
			containerPortal = BD9A7DC221FE0DC9004AF281 /* Project object */;
			proxyType = 1;
			remoteGlobalIDString = BD9A7DC921FE0DC9004AF281;
			remoteInfo = Bills;
		};
		BD8B0D4524AFF57600E8B1EC /* PBXContainerItemProxy */ = {
			isa = PBXContainerItemProxy;
			containerPortal = BD9A7DC221FE0DC9004AF281 /* Project object */;
			proxyType = 1;
			remoteGlobalIDString = BD9A7DC921FE0DC9004AF281;
			remoteInfo = Bills;
		};
/* End PBXContainerItemProxy section */

/* Begin PBXFileReference section */
		BD8B0D3224AFF56C00E8B1EC /* UITests.xctest */ = {isa = PBXFileReference; explicitFileType = wrapper.cfbundle; includeInIndex = 0; path = UITests.xctest; sourceTree = BUILT_PRODUCTS_DIR; };
		BD8B0D3424AFF56C00E8B1EC /* UITests.swift */ = {isa = PBXFileReference; lastKnownFileType = sourcecode.swift; path = UITests.swift; sourceTree = "<group>"; };
		BD8B0D3624AFF56C00E8B1EC /* Info.plist */ = {isa = PBXFileReference; lastKnownFileType = text.plist.xml; path = Info.plist; sourceTree = "<group>"; };
		BD8B0D4024AFF57600E8B1EC /* Tests.xctest */ = {isa = PBXFileReference; explicitFileType = wrapper.cfbundle; includeInIndex = 0; path = Tests.xctest; sourceTree = BUILT_PRODUCTS_DIR; };
		BD8B0D4224AFF57600E8B1EC /* Tests.swift */ = {isa = PBXFileReference; lastKnownFileType = sourcecode.swift; path = Tests.swift; sourceTree = "<group>"; };
		BD8B0D4424AFF57600E8B1EC /* Info.plist */ = {isa = PBXFileReference; lastKnownFileType = text.plist.xml; path = Info.plist; sourceTree = "<group>"; };
		BD8B0D4A24AFF57F00E8B1EC /* Bills.entitlements */ = {isa = PBXFileReference; lastKnownFileType = text.plist.entitlements; path = Bills.entitlements; sourceTree = "<group>"; };
		BD9A7DCA21FE0DC9004AF281 /* Bills.app */ = {isa = PBXFileReference; explicitFileType = wrapper.application; includeInIndex = 0; path = Bills.app; sourceTree = BUILT_PRODUCTS_DIR; };
		BD9A7DCD21FE0DC9004AF281 /* AppDelegate.swift */ = {isa = PBXFileReference; lastKnownFileType = sourcecode.swift; path = AppDelegate.swift; sourceTree = "<group>"; };
		BD9A7DCF21FE0DC9004AF281 /* ViewController.swift */ = {isa = PBXFileReference; lastKnownFileType = sourcecode.swift; path = ViewController.swift; sourceTree = "<group>"; };
		BD9A7DD421FE0DCA004AF281 /* Assets.xcassets */ = {isa = PBXFileReference; lastKnownFileType = folder.assetcatalog; path = Assets.xcassets; sourceTree = "<group>"; };
		BD9A7DD721FE0DCA004AF281 /* Base */ = {isa = PBXFileReference; lastKnownFileType = file.storyboard; name = Base; path = Base.lproj/LaunchScreen.storyboard; sourceTree = "<group>"; };
		BD9A7DD921FE0DCA004AF281 /* Info.plist */ = {isa = PBXFileReference; lastKnownFileType = text.plist.xml; path = Info.plist; sourceTree = "<group>"; };
		BD9A7DF121FE1652004AF281 /* LocalizedString.swift */ = {isa = PBXFileReference; lastKnownFileType = sourcecode.swift; path = LocalizedString.swift; sourceTree = "<group>"; };
		BD9A7DF321FE16EE004AF281 /* Localizable.strings */ = {isa = PBXFileReference; lastKnownFileType = text.plist.strings; path = Localizable.strings; sourceTree = "<group>"; };
/* End PBXFileReference section */

/* Begin PBXFrameworksBuildPhase section */
		BD8B0D2F24AFF56C00E8B1EC /* Frameworks */ = {
			isa = PBXFrameworksBuildPhase;
			buildActionMask = 2147483647;
			files = (
			);
			runOnlyForDeploymentPostprocessing = 0;
		};
		BD8B0D3D24AFF57600E8B1EC /* Frameworks */ = {
			isa = PBXFrameworksBuildPhase;
			buildActionMask = 2147483647;
			files = (
			);
			runOnlyForDeploymentPostprocessing = 0;
		};
		BD9A7DC721FE0DC9004AF281 /* Frameworks */ = {
			isa = PBXFrameworksBuildPhase;
			buildActionMask = 2147483647;
			files = (
			);
			runOnlyForDeploymentPostprocessing = 0;
		};
/* End PBXFrameworksBuildPhase section */

/* Begin PBXGroup section */
		BD8B0D3324AFF56C00E8B1EC /* UITests */ = {
			isa = PBXGroup;
			children = (
				BD8B0D3424AFF56C00E8B1EC /* UITests.swift */,
				BD8B0D3624AFF56C00E8B1EC /* Info.plist */,
			);
			path = UITests;
			sourceTree = "<group>";
		};
		BD8B0D4124AFF57600E8B1EC /* Tests */ = {
			isa = PBXGroup;
			children = (
				BD8B0D4224AFF57600E8B1EC /* Tests.swift */,
				BD8B0D4424AFF57600E8B1EC /* Info.plist */,
			);
			path = Tests;
			sourceTree = "<group>";
		};
		BD9A7DC121FE0DC9004AF281 = {
			isa = PBXGroup;
			children = (
				BD8B0D4A24AFF57F00E8B1EC /* Bills.entitlements */,
				BD9A7DCC21FE0DC9004AF281 /* Sources */,
				BD8B0D3324AFF56C00E8B1EC /* UITests */,
				BD8B0D4124AFF57600E8B1EC /* Tests */,
				BD9A7DCB21FE0DC9004AF281 /* Products */,
			);
			sourceTree = "<group>";
		};
		BD9A7DCB21FE0DC9004AF281 /* Products */ = {
			isa = PBXGroup;
			children = (
				BD9A7DCA21FE0DC9004AF281 /* Bills.app */,
				BD8B0D3224AFF56C00E8B1EC /* UITests.xctest */,
				BD8B0D4024AFF57600E8B1EC /* Tests.xctest */,
			);
			name = Products;
			sourceTree = "<group>";
		};
		BD9A7DCC21FE0DC9004AF281 /* Sources */ = {
			isa = PBXGroup;
			children = (
				BD9A7DCD21FE0DC9004AF281 /* AppDelegate.swift */,
				BD9A7DCF21FE0DC9004AF281 /* ViewController.swift */,
				BD9A7DED21FE1001004AF281 /* Resources */,
			);
			path = Sources;
			sourceTree = "<group>";
		};
		BD9A7DED21FE1001004AF281 /* Resources */ = {
			isa = PBXGroup;
			children = (
				BD9A7DD421FE0DCA004AF281 /* Assets.xcassets */,
				BD9A7DF321FE16EE004AF281 /* Localizable.strings */,
				BD9A7DD921FE0DCA004AF281 /* Info.plist */,
				BD9A7DF121FE1652004AF281 /* LocalizedString.swift */,
				BD9A7DD621FE0DCA004AF281 /* LaunchScreen.storyboard */,
			);
			path = Resources;
			sourceTree = "<group>";
		};
/* End PBXGroup section */

/* Begin PBXNativeTarget section */
		BD8B0D3124AFF56C00E8B1EC /* UITests */ = {
			isa = PBXNativeTarget;
			buildConfigurationList = BD8B0D3924AFF56C00E8B1EC /* Build configuration list for PBXNativeTarget "UITests" */;
			buildPhases = (
				BD8B0D2E24AFF56C00E8B1EC /* Sources */,
				BD8B0D2F24AFF56C00E8B1EC /* Frameworks */,
				BD8B0D3024AFF56C00E8B1EC /* Resources */,
			);
			buildRules = (
			);
			dependencies = (
				BD8B0D3824AFF56C00E8B1EC /* PBXTargetDependency */,
			);
			name = UITests;
			productName = UITests;
			productReference = BD8B0D3224AFF56C00E8B1EC /* UITests.xctest */;
			productType = "com.apple.product-type.bundle.ui-testing";
		};
		BD8B0D3F24AFF57600E8B1EC /* Tests */ = {
			isa = PBXNativeTarget;
			buildConfigurationList = BD8B0D4724AFF57600E8B1EC /* Build configuration list for PBXNativeTarget "Tests" */;
			buildPhases = (
				BD8B0D3C24AFF57600E8B1EC /* Sources */,
				BD8B0D3D24AFF57600E8B1EC /* Frameworks */,
				BD8B0D3E24AFF57600E8B1EC /* Resources */,
			);
			buildRules = (
			);
			dependencies = (
				BD8B0D4624AFF57600E8B1EC /* PBXTargetDependency */,
			);
			name = Tests;
			productName = Tests;
			productReference = BD8B0D4024AFF57600E8B1EC /* Tests.xctest */;
			productType = "com.apple.product-type.bundle.unit-test";
		};
		BD9A7DC921FE0DC9004AF281 /* Bills */ = {
			isa = PBXNativeTarget;
			buildConfigurationList = BD9A7DE721FE0DCA004AF281 /* Build configuration list for PBXNativeTarget "Bills" */;
			buildPhases = (
				BD9A7DC621FE0DC9004AF281 /* Sources */,
				BD9A7DC721FE0DC9004AF281 /* Frameworks */,
				BD9A7DC821FE0DC9004AF281 /* Resources */,
			);
			buildRules = (
			);
			dependencies = (
			);
			name = Bills;
			productName = Project;
			productReference = BD9A7DCA21FE0DC9004AF281 /* Bills.app */;
			productType = "com.apple.product-type.application";
		};
/* End PBXNativeTarget section */

/* Begin PBXProject section */
		BD9A7DC221FE0DC9004AF281 /* Project object */ = {
			isa = PBXProject;
			attributes = {
				LastSwiftUpdateCheck = 1150;
				LastUpgradeCheck = 1010;
				ORGANIZATIONNAME = "Luna Graysen";
				TargetAttributes = {
					BD8B0D3124AFF56C00E8B1EC = {
						CreatedOnToolsVersion = 11.5;
						TestTargetID = BD9A7DC921FE0DC9004AF281;
					};
					BD8B0D3F24AFF57600E8B1EC = {
						CreatedOnToolsVersion = 11.5;
						TestTargetID = BD9A7DC921FE0DC9004AF281;
					};
					BD9A7DC921FE0DC9004AF281 = {
						CreatedOnToolsVersion = 10.1;
					};
				};
			};
			buildConfigurationList = BD9A7DC521FE0DC9004AF281 /* Build configuration list for PBXProject "Bills" */;
			compatibilityVersion = "Xcode 9.3";
			developmentRegion = en;
			hasScannedForEncodings = 0;
			knownRegions = (
				en,
				Base,
			);
			mainGroup = BD9A7DC121FE0DC9004AF281;
			productRefGroup = BD9A7DCB21FE0DC9004AF281 /* Products */;
			projectDirPath = "";
			projectRoot = "";
			targets = (
				BD9A7DC921FE0DC9004AF281 /* Bills */,
				BD8B0D3124AFF56C00E8B1EC /* UITests */,
				BD8B0D3F24AFF57600E8B1EC /* Tests */,
			);
		};
/* End PBXProject section */

/* Begin PBXResourcesBuildPhase section */
		BD8B0D3024AFF56C00E8B1EC /* Resources */ = {
			isa = PBXResourcesBuildPhase;
			buildActionMask = 2147483647;
			files = (
			);
			runOnlyForDeploymentPostprocessing = 0;
		};
		BD8B0D3E24AFF57600E8B1EC /* Resources */ = {
			isa = PBXResourcesBuildPhase;
			buildActionMask = 2147483647;
			files = (
			);
			runOnlyForDeploymentPostprocessing = 0;
		};
		BD9A7DC821FE0DC9004AF281 /* Resources */ = {
			isa = PBXResourcesBuildPhase;
			buildActionMask = 2147483647;
			files = (
				BD9A7DD821FE0DCA004AF281 /* LaunchScreen.storyboard in Resources */,
				BD9A7DF421FE16EE004AF281 /* Localizable.strings in Resources */,
				BD9A7DD521FE0DCA004AF281 /* Assets.xcassets in Resources */,
			);
			runOnlyForDeploymentPostprocessing = 0;
		};
/* End PBXResourcesBuildPhase section */

/* Begin PBXSourcesBuildPhase section */
		BD8B0D2E24AFF56C00E8B1EC /* Sources */ = {
			isa = PBXSourcesBuildPhase;
			buildActionMask = 2147483647;
			files = (
				BD8B0D3524AFF56C00E8B1EC /* UITests.swift in Sources */,
			);
			runOnlyForDeploymentPostprocessing = 0;
		};
		BD8B0D3C24AFF57600E8B1EC /* Sources */ = {
			isa = PBXSourcesBuildPhase;
			buildActionMask = 2147483647;
			files = (
				BD8B0D4324AFF57600E8B1EC /* Tests.swift in Sources */,
			);
			runOnlyForDeploymentPostprocessing = 0;
		};
		BD9A7DC621FE0DC9004AF281 /* Sources */ = {
			isa = PBXSourcesBuildPhase;
			buildActionMask = 2147483647;
			files = (
				BD9A7DD021FE0DC9004AF281 /* ViewController.swift in Sources */,
				BD9A7DF221FE1652004AF281 /* LocalizedString.swift in Sources */,
				BD9A7DCE21FE0DC9004AF281 /* AppDelegate.swift in Sources */,
			);
			runOnlyForDeploymentPostprocessing = 0;
		};
/* End PBXSourcesBuildPhase section */

/* Begin PBXTargetDependency section */
		BD8B0D3824AFF56C00E8B1EC /* PBXTargetDependency */ = {
			isa = PBXTargetDependency;
			target = BD9A7DC921FE0DC9004AF281 /* Bills */;
			targetProxy = BD8B0D3724AFF56C00E8B1EC /* PBXContainerItemProxy */;
		};
		BD8B0D4624AFF57600E8B1EC /* PBXTargetDependency */ = {
			isa = PBXTargetDependency;
			target = BD9A7DC921FE0DC9004AF281 /* Bills */;
			targetProxy = BD8B0D4524AFF57600E8B1EC /* PBXContainerItemProxy */;
		};
/* End PBXTargetDependency section */

/* Begin PBXVariantGroup section */
		BD9A7DD621FE0DCA004AF281 /* LaunchScreen.storyboard */ = {
			isa = PBXVariantGroup;
			children = (
				BD9A7DD721FE0DCA004AF281 /* Base */,
			);
			name = LaunchScreen.storyboard;
			sourceTree = "<group>";
		};
/* End PBXVariantGroup section */

/* Begin XCBuildConfiguration section */
		BD8B0D3A24AFF56C00E8B1EC /* Debug */ = {
			isa = XCBuildConfiguration;
			buildSettings = {
				CODE_SIGN_STYLE = Automatic;
				DEVELOPMENT_TEAM = 3R3SZSZHWH;
				INFOPLIST_FILE = UITests/Info.plist;
				IPHONEOS_DEPLOYMENT_TARGET = 13.5;
				LD_RUNPATH_SEARCH_PATHS = (
					"$(inherited)",
					"@executable_path/Frameworks",
					"@loader_path/Frameworks",
				);
				PRODUCT_BUNDLE_IDENTIFIER = "ca.non-binary.bills.UITests";
				PRODUCT_NAME = "$(TARGET_NAME)";
				SWIFT_VERSION = 5.0;
				TARGETED_DEVICE_FAMILY = "1,2";
				TEST_TARGET_NAME = Bills;
			};
			name = Debug;
		};
		BD8B0D3B24AFF56C00E8B1EC /* Release */ = {
			isa = XCBuildConfiguration;
			buildSettings = {
				CODE_SIGN_STYLE = Automatic;
				DEVELOPMENT_TEAM = 3R3SZSZHWH;
				INFOPLIST_FILE = UITests/Info.plist;
				IPHONEOS_DEPLOYMENT_TARGET = 13.5;
				LD_RUNPATH_SEARCH_PATHS = (
					"$(inherited)",
					"@executable_path/Frameworks",
					"@loader_path/Frameworks",
				);
				PRODUCT_BUNDLE_IDENTIFIER = "ca.non-binary.bills.UITests";
				PRODUCT_NAME = "$(TARGET_NAME)";
				SWIFT_VERSION = 5.0;
				TARGETED_DEVICE_FAMILY = "1,2";
				TEST_TARGET_NAME = Bills;
			};
			name = Release;
		};
		BD8B0D4824AFF57600E8B1EC /* Debug */ = {
			isa = XCBuildConfiguration;
			buildSettings = {
				BUNDLE_LOADER = "$(TEST_HOST)";
				CODE_SIGN_STYLE = Automatic;
				DEVELOPMENT_TEAM = 3R3SZSZHWH;
				INFOPLIST_FILE = Tests/Info.plist;
				IPHONEOS_DEPLOYMENT_TARGET = 13.5;
				LD_RUNPATH_SEARCH_PATHS = (
					"$(inherited)",
					"@executable_path/Frameworks",
					"@loader_path/Frameworks",
				);
				PRODUCT_BUNDLE_IDENTIFIER = "ca.non-binary.bills.Tests";
				PRODUCT_NAME = "$(TARGET_NAME)";
				SWIFT_VERSION = 5.0;
				TARGETED_DEVICE_FAMILY = "1,2";
				TEST_HOST = "$(BUILT_PRODUCTS_DIR)/Bills.app/Bills";
			};
			name = Debug;
		};
		BD8B0D4924AFF57600E8B1EC /* Release */ = {
			isa = XCBuildConfiguration;
			buildSettings = {
				BUNDLE_LOADER = "$(TEST_HOST)";
				CODE_SIGN_STYLE = Automatic;
				DEVELOPMENT_TEAM = 3R3SZSZHWH;
				INFOPLIST_FILE = Tests/Info.plist;
				IPHONEOS_DEPLOYMENT_TARGET = 13.5;
				LD_RUNPATH_SEARCH_PATHS = (
					"$(inherited)",
					"@executable_path/Frameworks",
					"@loader_path/Frameworks",
				);
				PRODUCT_BUNDLE_IDENTIFIER = "ca.non-binary.bills.Tests";
				PRODUCT_NAME = "$(TARGET_NAME)";
				SWIFT_VERSION = 5.0;
				TARGETED_DEVICE_FAMILY = "1,2";
				TEST_HOST = "$(BUILT_PRODUCTS_DIR)/Bills.app/Bills";
			};
			name = Release;
		};
		BD9A7DE521FE0DCA004AF281 /* Debug */ = {
			isa = XCBuildConfiguration;
			buildSettings = {
				ALWAYS_SEARCH_USER_PATHS = NO;
				CLANG_ANALYZER_NONNULL = YES;
				CLANG_ANALYZER_NUMBER_OBJECT_CONVERSION = YES_AGGRESSIVE;
				CLANG_CXX_LANGUAGE_STANDARD = "gnu++14";
				CLANG_CXX_LIBRARY = "libc++";
				CLANG_ENABLE_MODULES = YES;
				CLANG_ENABLE_OBJC_ARC = YES;
				CLANG_ENABLE_OBJC_WEAK = YES;
				CLANG_WARN_BLOCK_CAPTURE_AUTORELEASING = YES;
				CLANG_WARN_BOOL_CONVERSION = YES;
				CLANG_WARN_COMMA = YES;
				CLANG_WARN_CONSTANT_CONVERSION = YES;
				CLANG_WARN_DEPRECATED_OBJC_IMPLEMENTATIONS = YES;
				CLANG_WARN_DIRECT_OBJC_ISA_USAGE = YES_ERROR;
				CLANG_WARN_DOCUMENTATION_COMMENTS = YES;
				CLANG_WARN_EMPTY_BODY = YES;
				CLANG_WARN_ENUM_CONVERSION = YES;
				CLANG_WARN_INFINITE_RECURSION = YES;
				CLANG_WARN_INT_CONVERSION = YES;
				CLANG_WARN_NON_LITERAL_NULL_CONVERSION = YES;
				CLANG_WARN_OBJC_IMPLICIT_RETAIN_SELF = YES;
				CLANG_WARN_OBJC_LITERAL_CONVERSION = YES;
				CLANG_WARN_OBJC_ROOT_CLASS = YES_ERROR;
				CLANG_WARN_RANGE_LOOP_ANALYSIS = YES;
				CLANG_WARN_STRICT_PROTOTYPES = YES;
				CLANG_WARN_SUSPICIOUS_MOVE = YES;
				CLANG_WARN_UNGUARDED_AVAILABILITY = YES_AGGRESSIVE;
				CLANG_WARN_UNREACHABLE_CODE = YES;
				CLANG_WARN__DUPLICATE_METHOD_MATCH = YES;
				CODE_SIGN_IDENTITY = "iPhone Developer";
				COPY_PHASE_STRIP = NO;
				DEBUG_INFORMATION_FORMAT = dwarf;
				ENABLE_STRICT_OBJC_MSGSEND = YES;
				ENABLE_TESTABILITY = YES;
				GCC_C_LANGUAGE_STANDARD = gnu11;
				GCC_DYNAMIC_NO_PIC = NO;
				GCC_NO_COMMON_BLOCKS = YES;
				GCC_OPTIMIZATION_LEVEL = 0;
				GCC_PREPROCESSOR_DEFINITIONS = (
					"DEBUG=1",
					"$(inherited)",
				);
				GCC_WARN_64_TO_32_BIT_CONVERSION = YES;
				GCC_WARN_ABOUT_RETURN_TYPE = YES_ERROR;
				GCC_WARN_UNDECLARED_SELECTOR = YES;
				GCC_WARN_UNINITIALIZED_AUTOS = YES_AGGRESSIVE;
				GCC_WARN_UNUSED_FUNCTION = YES;
				GCC_WARN_UNUSED_VARIABLE = YES;
				IPHONEOS_DEPLOYMENT_TARGET = 12.1;
				MTL_ENABLE_DEBUG_INFO = INCLUDE_SOURCE;
				MTL_FAST_MATH = YES;
				ONLY_ACTIVE_ARCH = YES;
				SDKROOT = iphoneos;
				SWIFT_ACTIVE_COMPILATION_CONDITIONS = DEBUG;
				SWIFT_OPTIMIZATION_LEVEL = "-Onone";
			};
			name = Debug;
		};
		BD9A7DE621FE0DCA004AF281 /* Release */ = {
			isa = XCBuildConfiguration;
			buildSettings = {
				ALWAYS_SEARCH_USER_PATHS = NO;
				CLANG_ANALYZER_NONNULL = YES;
				CLANG_ANALYZER_NUMBER_OBJECT_CONVERSION = YES_AGGRESSIVE;
				CLANG_CXX_LANGUAGE_STANDARD = "gnu++14";
				CLANG_CXX_LIBRARY = "libc++";
				CLANG_ENABLE_MODULES = YES;
				CLANG_ENABLE_OBJC_ARC = YES;
				CLANG_ENABLE_OBJC_WEAK = YES;
				CLANG_WARN_BLOCK_CAPTURE_AUTORELEASING = YES;
				CLANG_WARN_BOOL_CONVERSION = YES;
				CLANG_WARN_COMMA = YES;
				CLANG_WARN_CONSTANT_CONVERSION = YES;
				CLANG_WARN_DEPRECATED_OBJC_IMPLEMENTATIONS = YES;
				CLANG_WARN_DIRECT_OBJC_ISA_USAGE = YES_ERROR;
				CLANG_WARN_DOCUMENTATION_COMMENTS = YES;
				CLANG_WARN_EMPTY_BODY = YES;
				CLANG_WARN_ENUM_CONVERSION = YES;
				CLANG_WARN_INFINITE_RECURSION = YES;
				CLANG_WARN_INT_CONVERSION = YES;
				CLANG_WARN_NON_LITERAL_NULL_CONVERSION = YES;
				CLANG_WARN_OBJC_IMPLICIT_RETAIN_SELF = YES;
				CLANG_WARN_OBJC_LITERAL_CONVERSION = YES;
				CLANG_WARN_OBJC_ROOT_CLASS = YES_ERROR;
				CLANG_WARN_RANGE_LOOP_ANALYSIS = YES;
				CLANG_WARN_STRICT_PROTOTYPES = YES;
				CLANG_WARN_SUSPICIOUS_MOVE = YES;
				CLANG_WARN_UNGUARDED_AVAILABILITY = YES_AGGRESSIVE;
				CLANG_WARN_UNREACHABLE_CODE = YES;
				CLANG_WARN__DUPLICATE_METHOD_MATCH = YES;
				CODE_SIGN_IDENTITY = "iPhone Developer";
				COPY_PHASE_STRIP = NO;
				DEBUG_INFORMATION_FORMAT = "dwarf-with-dsym";
				ENABLE_NS_ASSERTIONS = NO;
				ENABLE_STRICT_OBJC_MSGSEND = YES;
				GCC_C_LANGUAGE_STANDARD = gnu11;
				GCC_NO_COMMON_BLOCKS = YES;
				GCC_WARN_64_TO_32_BIT_CONVERSION = YES;
				GCC_WARN_ABOUT_RETURN_TYPE = YES_ERROR;
				GCC_WARN_UNDECLARED_SELECTOR = YES;
				GCC_WARN_UNINITIALIZED_AUTOS = YES_AGGRESSIVE;
				GCC_WARN_UNUSED_FUNCTION = YES;
				GCC_WARN_UNUSED_VARIABLE = YES;
				IPHONEOS_DEPLOYMENT_TARGET = 12.1;
				MTL_ENABLE_DEBUG_INFO = NO;
				MTL_FAST_MATH = YES;
				SDKROOT = iphoneos;
				SWIFT_COMPILATION_MODE = wholemodule;
				SWIFT_OPTIMIZATION_LEVEL = "-O";
				VALIDATE_PRODUCT = YES;
			};
			name = Release;
		};
		BD9A7DE821FE0DCA004AF281 /* Debug */ = {
			isa = XCBuildConfiguration;
			buildSettings = {
				ASSETCATALOG_COMPILER_APPICON_NAME = AppIcon;
				CODE_SIGN_ENTITLEMENTS = Bills.entitlements;
				CODE_SIGN_STYLE = Automatic;
				DEVELOPMENT_TEAM = 3R3SZSZHWH;
				FRAMEWORK_SEARCH_PATHS = (
					"$(inherited)",
					"$(DEVELOPER_LIBRARY_DIR)",
					"$(SDKROOT)/Developer/Library/Frameworks",
				);
				INFOPLIST_FILE = "$(SRCROOT)/Sources/Resources/Info.plist";
				LD_RUNPATH_SEARCH_PATHS = (
					"$(inherited)",
					"@executable_path/Frameworks",
				);
				PRODUCT_BUNDLE_IDENTIFIER = "ca.non-binary.bills";
				PRODUCT_NAME = Bills;
				SUPPORTS_MACCATALYST = YES;
				SWIFT_VERSION = 5.0;
				TARGETED_DEVICE_FAMILY = "1,2";
			};
			name = Debug;
		};
		BD9A7DE921FE0DCA004AF281 /* Release */ = {
			isa = XCBuildConfiguration;
			buildSettings = {
				ASSETCATALOG_COMPILER_APPICON_NAME = AppIcon;
				CODE_SIGN_ENTITLEMENTS = Bills.entitlements;
				CODE_SIGN_STYLE = Automatic;
				DEVELOPMENT_TEAM = 3R3SZSZHWH;
				FRAMEWORK_SEARCH_PATHS = (
					"$(inherited)",
					"$(DEVELOPER_LIBRARY_DIR)",
					"$(SDKROOT)/Developer/Library/Frameworks",
				);
				INFOPLIST_FILE = "$(SRCROOT)/Sources/Resources/Info.plist";
				LD_RUNPATH_SEARCH_PATHS = (
					"$(inherited)",
					"@executable_path/Frameworks",
				);
				PRODUCT_BUNDLE_IDENTIFIER = "ca.non-binary.bills";
				PRODUCT_NAME = Bills;
				SUPPORTS_MACCATALYST = YES;
				SWIFT_VERSION = 5.0;
				TARGETED_DEVICE_FAMILY = "1,2";
			};
			name = Release;
		};
/* End XCBuildConfiguration section */

/* Begin XCConfigurationList section */
		BD8B0D3924AFF56C00E8B1EC /* Build configuration list for PBXNativeTarget "UITests" */ = {
			isa = XCConfigurationList;
			buildConfigurations = (
				BD8B0D3A24AFF56C00E8B1EC /* Debug */,
				BD8B0D3B24AFF56C00E8B1EC /* Release */,
			);
			defaultConfigurationIsVisible = 0;
			defaultConfigurationName = Release;
		};
		BD8B0D4724AFF57600E8B1EC /* Build configuration list for PBXNativeTarget "Tests" */ = {
			isa = XCConfigurationList;
			buildConfigurations = (
				BD8B0D4824AFF57600E8B1EC /* Debug */,
				BD8B0D4924AFF57600E8B1EC /* Release */,
			);
			defaultConfigurationIsVisible = 0;
			defaultConfigurationName = Release;
		};
		BD9A7DC521FE0DC9004AF281 /* Build configuration list for PBXProject "Bills" */ = {
			isa = XCConfigurationList;
			buildConfigurations = (
				BD9A7DE521FE0DCA004AF281 /* Debug */,
				BD9A7DE621FE0DCA004AF281 /* Release */,
			);
			defaultConfigurationIsVisible = 0;
			defaultConfigurationName = Release;
		};
		BD9A7DE721FE0DCA004AF281 /* Build configuration list for PBXNativeTarget "Bills" */ = {
			isa = XCConfigurationList;
			buildConfigurations = (
				BD9A7DE821FE0DCA004AF281 /* Debug */,
				BD9A7DE921FE0DCA004AF281 /* Release */,
			);
			defaultConfigurationIsVisible = 0;
			defaultConfigurationName = Release;
		};
/* End XCConfigurationList section */
	};
	rootObject = BD9A7DC221FE0DC9004AF281 /* Project object */;
}
